
Microsoft Visual Studio Solution File, Format Version 12.00
# Visual Studio Version 18
VisualStudioVersion = 18.0.11121.172
MinimumVisualStudioVersion = 10.0.40219.1
Project("{FAE04EC0-301F-11D3-BF4B-00C04F79EFBC}") = "FCG.WebAPI", "FCG.WebAPI\FCG.WebAPI.csproj", "{6EEC4F1D-9F59-4D31-8BAE-1BC4BB49C669}"
EndProject
Project("{FAE04EC0-301F-11D3-BF4B-00C04F79EFBC}") = "FCG.Infrastructure", "FCG.Infrastructure\FCG.Infrastructure.csproj", "{9A855AEF-B442-49E7-B7EA-211BD04BB661}"
EndProject
Project("{FAE04EC0-301F-11D3-BF4B-00C04F79EFBC}") = "FCG.Domain", "FCG.Domain\FCG.Domain.csproj", "{E0DC16DD-7A47-4E67-B08B-D04B55C34F1C}"
EndProject
Project("{2150E333-8FDC-42A3-9474-1A3956D46DE8}") = "src", "src", "{1A414067-C24C-41C1-A7C5-B1DE91A6318A}"
EndProject
Project("{2150E333-8FDC-42A3-9474-1A3956D46DE8}") = "tests", "tests", "{EFC658E3-6E87-4C12-9955-61CAE1A73C70}"
EndProject
Project("{2150E333-8FDC-42A3-9474-1A3956D46DE8}") = "Application", "Application", "{107E9C97-DA88-44F4-9474-A9BDD11EC2E7}"
EndProject
Project("{2150E333-8FDC-42A3-9474-1A3956D46DE8}") = "Domain", "Domain", "{C9608FA3-97E7-427F-A789-A6AFD326DF2E}"
EndProject
Project("{2150E333-8FDC-42A3-9474-1A3956D46DE8}") = "Infrastructure", "Infrastructure", "{F0F1BCBA-B283-4CFC-9CD8-5265480D9488}"
EndProject
Project("{FAE04EC0-301F-11D3-BF4B-00C04F79EFBC}") = "FCG.Application.Dto", "FCG.Application.Dto\FCG.Application.Dto.csproj", "{594C6C03-3B50-4893-9D28-016DF9C884E7}"
EndProject
Project("{FAE04EC0-301F-11D3-BF4B-00C04F79EFBC}") = "FCG.Application.Interface", "FCG.Application.Interface\FCG.Application.Interface.csproj", "{AC0E019B-2814-4060-B29C-44695C5388E0}"
EndProject
Project("{FAE04EC0-301F-11D3-BF4B-00C04F79EFBC}") = "FCG.Application.UseCases", "FCG.Application.UseCases\FCG.Application.UseCases.csproj", "{E8F562BA-C94E-43A6-B042-39BD485114A5}"
EndProject
Project("{2150E333-8FDC-42A3-9474-1A3956D46DE8}") = "Services", "Services", "{FB476041-2052-43B1-8CAE-44FE521C7DB6}"
EndProject
Project("{2150E333-8FDC-42A3-9474-1A3956D46DE8}") = "document", "document", "{02EA681E-C7D8-13C7-8484-4AC65E1B71E8}"
EndProject
Project("{2150E333-8FDC-42A3-9474-1A3956D46DE8}") = "Domain", "Domain", "{AE1A8DB5-D925-43AE-88EF-56BBB526362A}"
EndProject
Project("{FAE04EC0-301F-11D3-BF4B-00C04F79EFBC}") = "FCG.Domain.Tests", "FCG.Domain.Tests\FCG.Domain.Tests.csproj", "{42E8CC3B-2280-4CF4-9FDA-F45646063386}"
EndProject
Project("{FAE04EC0-301F-11D3-BF4B-00C04F79EFBC}") = "FCG.Application.Tests", "FCG.Application.Tests\FCG.Application.Tests.csproj", "{4FEF1D30-24C9-4A1E-A86F-54D35761764C}"
EndProject
Project("{2150E333-8FDC-42A3-9474-1A3956D46DE8}") = "Application", "Application", "{FB387448-1F83-4BC1-A726-159C631A7E35}"
EndProject
Global
	GlobalSection(SolutionConfigurationPlatforms) = preSolution
		Debug|Any CPU = Debug|Any CPU
		Release|Any CPU = Release|Any CPU
	EndGlobalSection
	GlobalSection(ProjectConfigurationPlatforms) = postSolution
		{6EEC4F1D-9F59-4D31-8BAE-1BC4BB49C669}.Debug|Any CPU.ActiveCfg = Debug|Any CPU
		{6EEC4F1D-9F59-4D31-8BAE-1BC4BB49C669}.Debug|Any CPU.Build.0 = Debug|Any CPU
		{6EEC4F1D-9F59-4D31-8BAE-1BC4BB49C669}.Release|Any CPU.ActiveCfg = Release|Any CPU
		{6EEC4F1D-9F59-4D31-8BAE-1BC4BB49C669}.Release|Any CPU.Build.0 = Release|Any CPU
		{9A855AEF-B442-49E7-B7EA-211BD04BB661}.Debug|Any CPU.ActiveCfg = Debug|Any CPU
		{9A855AEF-B442-49E7-B7EA-211BD04BB661}.Debug|Any CPU.Build.0 = Debug|Any CPU
		{9A855AEF-B442-49E7-B7EA-211BD04BB661}.Release|Any CPU.ActiveCfg = Release|Any CPU
		{9A855AEF-B442-49E7-B7EA-211BD04BB661}.Release|Any CPU.Build.0 = Release|Any CPU
		{E0DC16DD-7A47-4E67-B08B-D04B55C34F1C}.Debug|Any CPU.ActiveCfg = Debug|Any CPU
		{E0DC16DD-7A47-4E67-B08B-D04B55C34F1C}.Debug|Any CPU.Build.0 = Debug|Any CPU
		{E0DC16DD-7A47-4E67-B08B-D04B55C34F1C}.Release|Any CPU.ActiveCfg = Release|Any CPU
		{E0DC16DD-7A47-4E67-B08B-D04B55C34F1C}.Release|Any CPU.Build.0 = Release|Any CPU
		{594C6C03-3B50-4893-9D28-016DF9C884E7}.Debug|Any CPU.ActiveCfg = Debug|Any CPU
		{594C6C03-3B50-4893-9D28-016DF9C884E7}.Debug|Any CPU.Build.0 = Debug|Any CPU
		{594C6C03-3B50-4893-9D28-016DF9C884E7}.Release|Any CPU.ActiveCfg = Release|Any CPU
		{594C6C03-3B50-4893-9D28-016DF9C884E7}.Release|Any CPU.Build.0 = Release|Any CPU
		{AC0E019B-2814-4060-B29C-44695C5388E0}.Debug|Any CPU.ActiveCfg = Debug|Any CPU
		{AC0E019B-2814-4060-B29C-44695C5388E0}.Debug|Any CPU.Build.0 = Debug|Any CPU
		{AC0E019B-2814-4060-B29C-44695C5388E0}.Release|Any CPU.ActiveCfg = Release|Any CPU
		{AC0E019B-2814-4060-B29C-44695C5388E0}.Release|Any CPU.Build.0 = Release|Any CPU
		{E8F562BA-C94E-43A6-B042-39BD485114A5}.Debug|Any CPU.ActiveCfg = Debug|Any CPU
		{E8F562BA-C94E-43A6-B042-39BD485114A5}.Debug|Any CPU.Build.0 = Debug|Any CPU
		{E8F562BA-C94E-43A6-B042-39BD485114A5}.Release|Any CPU.ActiveCfg = Release|Any CPU
		{E8F562BA-C94E-43A6-B042-39BD485114A5}.Release|Any CPU.Build.0 = Release|Any CPU
		{42E8CC3B-2280-4CF4-9FDA-F45646063386}.Debug|Any CPU.ActiveCfg = Debug|Any CPU
		{42E8CC3B-2280-4CF4-9FDA-F45646063386}.Debug|Any CPU.Build.0 = Debug|Any CPU
		{42E8CC3B-2280-4CF4-9FDA-F45646063386}.Release|Any CPU.ActiveCfg = Release|Any CPU
		{42E8CC3B-2280-4CF4-9FDA-F45646063386}.Release|Any CPU.Build.0 = Release|Any CPU
		{4FEF1D30-24C9-4A1E-A86F-54D35761764C}.Debug|Any CPU.ActiveCfg = Debug|Any CPU
		{4FEF1D30-24C9-4A1E-A86F-54D35761764C}.Debug|Any CPU.Build.0 = Debug|Any CPU
		{4FEF1D30-24C9-4A1E-A86F-54D35761764C}.Release|Any CPU.ActiveCfg = Release|Any CPU
		{4FEF1D30-24C9-4A1E-A86F-54D35761764C}.Release|Any CPU.Build.0 = Release|Any CPU
	EndGlobalSection
	GlobalSection(SolutionProperties) = preSolution
		HideSolutionNode = FALSE
	EndGlobalSection
	GlobalSection(NestedProjects) = preSolution
		{6EEC4F1D-9F59-4D31-8BAE-1BC4BB49C669} = {FB476041-2052-43B1-8CAE-44FE521C7DB6}
		{9A855AEF-B442-49E7-B7EA-211BD04BB661} = {F0F1BCBA-B283-4CFC-9CD8-5265480D9488}
		{E0DC16DD-7A47-4E67-B08B-D04B55C34F1C} = {C9608FA3-97E7-427F-A789-A6AFD326DF2E}
		{107E9C97-DA88-44F4-9474-A9BDD11EC2E7} = {1A414067-C24C-41C1-A7C5-B1DE91A6318A}
		{C9608FA3-97E7-427F-A789-A6AFD326DF2E} = {1A414067-C24C-41C1-A7C5-B1DE91A6318A}
		{F0F1BCBA-B283-4CFC-9CD8-5265480D9488} = {1A414067-C24C-41C1-A7C5-B1DE91A6318A}
		{594C6C03-3B50-4893-9D28-016DF9C884E7} = {107E9C97-DA88-44F4-9474-A9BDD11EC2E7}
		{AC0E019B-2814-4060-B29C-44695C5388E0} = {107E9C97-DA88-44F4-9474-A9BDD11EC2E7}
		{E8F562BA-C94E-43A6-B042-39BD485114A5} = {107E9C97-DA88-44F4-9474-A9BDD11EC2E7}
		{FB476041-2052-43B1-8CAE-44FE521C7DB6} = {1A414067-C24C-41C1-A7C5-B1DE91A6318A}
		{AE1A8DB5-D925-43AE-88EF-56BBB526362A} = {EFC658E3-6E87-4C12-9955-61CAE1A73C70}
		{42E8CC3B-2280-4CF4-9FDA-F45646063386} = {AE1A8DB5-D925-43AE-88EF-56BBB526362A}
		{4FEF1D30-24C9-4A1E-A86F-54D35761764C} = {FB387448-1F83-4BC1-A726-159C631A7E35}
		{FB387448-1F83-4BC1-A726-159C631A7E35} = {EFC658E3-6E87-4C12-9955-61CAE1A73C70}
	EndGlobalSection
	GlobalSection(ExtensibilityGlobals) = postSolution
		SolutionGuid = {BAA0B41C-984A-428D-AF93-CC671861481C}
	EndGlobalSection
EndGlobal
